
Microsoft Visual Studio Solution File, Format Version 12.00
# Visual Studio Version 17
VisualStudioVersion = 17.5.33502.453
MinimumVisualStudioVersion = 10.0.40219.1
Project("{9A19103F-16F7-4668-BE54-9A1E7A4F7556}") = "task1", "task1.csproj", "{D78E755B-FF2A-4900-BFFC-E9164F9BFB9D}"
EndProject
Project("{9A19103F-16F7-4668-BE54-9A1E7A4F7556}") = "task1Tests", "..\task1Tests\task1Tests.csproj", "{9E2D2877-7737-4D0D-9C87-4426BFEEDDFE}"
EndProject
Project("{FAE04EC0-301F-11D3-BF4B-00C04F79EFBC}") = "task2", "..\task2\task2.csproj", "{03E0A4D8-40A4-43EE-8E1B-1E3C3F467BE5}"
EndProject
Global
	GlobalSection(SolutionConfigurationPlatforms) = preSolution
		Debug|Any CPU = Debug|Any CPU
		Release|Any CPU = Release|Any CPU
	EndGlobalSection
	GlobalSection(ProjectConfigurationPlatforms) = postSolution
		{D78E755B-FF2A-4900-BFFC-E9164F9BFB9D}.Debug|Any CPU.ActiveCfg = Debug|Any CPU
		{D78E755B-FF2A-4900-BFFC-E9164F9BFB9D}.Debug|Any CPU.Build.0 = Debug|Any CPU
		{D78E755B-FF2A-4900-BFFC-E9164F9BFB9D}.Release|Any CPU.ActiveCfg = Release|Any CPU
		{D78E755B-FF2A-4900-BFFC-E9164F9BFB9D}.Release|Any CPU.Build.0 = Release|Any CPU
		{9E2D2877-7737-4D0D-9C87-4426BFEEDDFE}.Debug|Any CPU.ActiveCfg = Debug|Any CPU
		{9E2D2877-7737-4D0D-9C87-4426BFEEDDFE}.Debug|Any CPU.Build.0 = Debug|Any CPU
		{9E2D2877-7737-4D0D-9C87-4426BFEEDDFE}.Release|Any CPU.ActiveCfg = Release|Any CPU
		{9E2D2877-7737-4D0D-9C87-4426BFEEDDFE}.Release|Any CPU.Build.0 = Release|Any CPU
		{03E0A4D8-40A4-43EE-8E1B-1E3C3F467BE5}.Debug|Any CPU.ActiveCfg = Debug|Any CPU
		{03E0A4D8-40A4-43EE-8E1B-1E3C3F467BE5}.Debug|Any CPU.Build.0 = Debug|Any CPU
		{03E0A4D8-40A4-43EE-8E1B-1E3C3F467BE5}.Release|Any CPU.ActiveCfg = Release|Any CPU
		{03E0A4D8-40A4-43EE-8E1B-1E3C3F467BE5}.Release|Any CPU.Build.0 = Release|Any CPU
	EndGlobalSection
	GlobalSection(SolutionProperties) = preSolution
		HideSolutionNode = FALSE
	EndGlobalSection
	GlobalSection(ExtensibilityGlobals) = postSolution
		SolutionGuid = {18C4B129-0FDB-44DD-A378-9529857D8DC7}
	EndGlobalSection
EndGlobal
